{
  "requires": true,
  "lockfileVersion": 1,
  "dependencies": {
    "creditcardpayments": {
      "version": "1.0.3",
      "resolved": "https://registry.npmjs.org/creditcardpayments/-/creditcardpayments-1.0.3.tgz",
      "integrity": "sha512-h3QGaa2QVr8NKWK8vJ0yN5BDHUUE6yNaYEdbz9+9Ust0xqGbu1mKI8GXDhPPtAUxB6vEuMcdXMZsAJEJRf2obA=="
    }
  }
}
